# This file is automatically @generated by Cargo.
# It is not intended for manual editing.
version = 4

[[package]]
name = "balanced-direction"
version = "0.2.1"
dependencies = [
 "balanced-ternary",
]

[[package]]
name = "balanced-ternary"
version = "1.1.2"
source = "registry+https://github.com/rust-lang/crates.io-index"
checksum = "7be2ce9868c5f1cfecd6df273bf065e0addf330d979d358731ac442fafda9217"
